
Microsoft Visual Studio Solution File, Format Version 12.00
# Visual Studio Version 16
VisualStudioVersion = 16.0.32929.386
MinimumVisualStudioVersion = 10.0.40219.1
Project("{8BC9CEB8-8B4A-11D0-8D11-00A0C91BC942}") = "09.11", "09.11\09.11.vcxproj", "{D6B87D45-0144-4D50-902A-9D1B57A7925C}"
EndProject
Global
	GlobalSection(SolutionConfigurationPlatforms) = preSolution
		Debug|x64 = Debug|x64
		Debug|x86 = Debug|x86
		Release|x64 = Release|x64
		Release|x86 = Release|x86
	EndGlobalSection
	GlobalSection(ProjectConfigurationPlatforms) = postSolution
		{D6B87D45-0144-4D50-902A-9D1B57A7925C}.Debug|x64.ActiveCfg = Debug|x64
		{D6B87D45-0144-4D50-902A-9D1B57A7925C}.Debug|x64.Build.0 = Debug|x64
		{D6B87D45-0144-4D50-902A-9D1B57A7925C}.Debug|x86.ActiveCfg = Debug|Win32
		{D6B87D45-0144-4D50-902A-9D1B57A7925C}.Debug|x86.Build.0 = Debug|Win32
		{D6B87D45-0144-4D50-902A-9D1B57A7925C}.Release|x64.ActiveCfg = Release|x64
		{D6B87D45-0144-4D50-902A-9D1B57A7925C}.Release|x64.Build.0 = Release|x64
		{D6B87D45-0144-4D50-902A-9D1B57A7925C}.Release|x86.ActiveCfg = Release|Win32
		{D6B87D45-0144-4D50-902A-9D1B57A7925C}.Release|x86.Build.0 = Release|Win32
	EndGlobalSection
	GlobalSection(SolutionProperties) = preSolution
		HideSolutionNode = FALSE
	EndGlobalSection
	GlobalSection(ExtensibilityGlobals) = postSolution
		SolutionGuid = {B81E8740-04ED-40AD-A3CF-70E77D6A5180}
	EndGlobalSection
EndGlobal
